PODS:
  - SwiftHamcrest (2.1.0)
  - WCExtensions (0.0.5)

DEPENDENCIES:
  - SwiftHamcrest (~> 2.1.0)
  - WCExtensions (~> 0.0.5)

SPEC REPOS:
  trunk:
    - SwiftHamcrest
    - WCExtensions

SPEC CHECKSUMS:
  SwiftHamcrest: 3a3bd69a9e65dbaffb573eae6760f58caa48d00e
  WCExtensions: d0905b47310b4af115f81b412e4e70151ad7bed3

PODFILE CHECKSUM: 7890b7400c04a79f6c3cbe6f09471efa094a9b6f

COCOAPODS: 1.9.3
