PODS:
  - SwiftHamcrest (2.2.1)
  - WCExtensions (1.0.0)

DEPENDENCIES:
  - SwiftHamcrest (~> 2.2.1)
  - WCExtensions (~> 1.0)

SPEC REPOS:
  trunk:
    - SwiftHamcrest
    - WCExtensions

SPEC CHECKSUMS:
  SwiftHamcrest: 67454f9c4c7fae8d7a0f82dfd42f8a54a79095b1
  WCExtensions: 5897d6ec138d7cd8433f302e24179517fd9b6bcc

PODFILE CHECKSUM: 145f79ea3187761028321ae147db69972729fa28

COCOAPODS: 1.9.3
